
Microsoft Visual Studio Solution File, Format Version 10.00
# Visual Studio 2008
Project("{8BC9CEB8-8B4A-11D0-8D11-00A0C91BC942}") = "LuaDec", "LuaDec\luadec.vcproj", "{3E5E3F07-53F0-4267-8804-E6DD25CCB490}"
	ProjectSection(ProjectDependencies) = postProject
		{9144FC34-B467-4EDC-8940-D9FF6A000BA0} = {9144FC34-B467-4EDC-8940-D9FF6A000BA0}
		{18DEDCE2-C508-4B0A-91A8-52045F3DAAD7} = {18DEDCE2-C508-4B0A-91A8-52045F3DAAD7}
	EndProjectSection
EndProject
Project("{8BC9CEB8-8B4A-11D0-8D11-00A0C91BC942}") = "LuaLib", "lualib\lualib.vcproj", "{9144FC34-B467-4EDC-8940-D9FF6A000BA0}"
EndProject
Project("{8BC9CEB8-8B4A-11D0-8D11-00A0C91BC942}") = "LuaC", "LuaC\LuaC.vcproj", "{95495B0D-D2F6-42D8-9065-4F8EC0BC22E4}"
	ProjectSection(ProjectDependencies) = postProject
		{9144FC34-B467-4EDC-8940-D9FF6A000BA0} = {9144FC34-B467-4EDC-8940-D9FF6A000BA0}
		{18DEDCE2-C508-4B0A-91A8-52045F3DAAD7} = {18DEDCE2-C508-4B0A-91A8-52045F3DAAD7}
	EndProjectSection
EndProject
Project("{8BC9CEB8-8B4A-11D0-8D11-00A0C91BC942}") = "LuaTool", "LuaTool\LuaTool.vcproj", "{2590F841-8918-4977-9B3F-CAC87CC7CD02}"
	ProjectSection(ProjectDependencies) = postProject
		{3E5E3F07-53F0-4267-8804-E6DD25CCB490} = {3E5E3F07-53F0-4267-8804-E6DD25CCB490}
		{95495B0D-D2F6-42D8-9065-4F8EC0BC22E4} = {95495B0D-D2F6-42D8-9065-4F8EC0BC22E4}
		{9144FC34-B467-4EDC-8940-D9FF6A000BA0} = {9144FC34-B467-4EDC-8940-D9FF6A000BA0}
		{F401EE8B-1A37-4888-9646-D3C4A2D959C4} = {F401EE8B-1A37-4888-9646-D3C4A2D959C4}
		{18DEDCE2-C508-4B0A-91A8-52045F3DAAD7} = {18DEDCE2-C508-4B0A-91A8-52045F3DAAD7}
	EndProjectSection
EndProject
Project("{8BC9CEB8-8B4A-11D0-8D11-00A0C91BC942}") = "ML_CommonLib", "ML_CommonLib\ML_CommonLib.vcproj", "{18DEDCE2-C508-4B0A-91A8-52045F3DAAD7}"
EndProject
Project("{8BC9CEB8-8B4A-11D0-8D11-00A0C91BC942}") = "LuaCompare", "LuaCompare\LuaCompare.vcproj", "{F401EE8B-1A37-4888-9646-D3C4A2D959C4}"
	ProjectSection(ProjectDependencies) = postProject
		{3E5E3F07-53F0-4267-8804-E6DD25CCB490} = {3E5E3F07-53F0-4267-8804-E6DD25CCB490}
		{95495B0D-D2F6-42D8-9065-4F8EC0BC22E4} = {95495B0D-D2F6-42D8-9065-4F8EC0BC22E4}
		{18DEDCE2-C508-4B0A-91A8-52045F3DAAD7} = {18DEDCE2-C508-4B0A-91A8-52045F3DAAD7}
	EndProjectSection
EndProject
Project("{8BC9CEB8-8B4A-11D0-8D11-00A0C91BC942}") = "LuaDec_standalone", "LuaDec_standalone\LuaDec_standalone.vcproj", "{BF523902-DC84-461E-820C-A5AE8B71EA63}"
	ProjectSection(ProjectDependencies) = postProject
		{3E5E3F07-53F0-4267-8804-E6DD25CCB490} = {3E5E3F07-53F0-4267-8804-E6DD25CCB490}
		{95495B0D-D2F6-42D8-9065-4F8EC0BC22E4} = {95495B0D-D2F6-42D8-9065-4F8EC0BC22E4}
		{9144FC34-B467-4EDC-8940-D9FF6A000BA0} = {9144FC34-B467-4EDC-8940-D9FF6A000BA0}
		{2590F841-8918-4977-9B3F-CAC87CC7CD02} = {2590F841-8918-4977-9B3F-CAC87CC7CD02}
		{F401EE8B-1A37-4888-9646-D3C4A2D959C4} = {F401EE8B-1A37-4888-9646-D3C4A2D959C4}
		{18DEDCE2-C508-4B0A-91A8-52045F3DAAD7} = {18DEDCE2-C508-4B0A-91A8-52045F3DAAD7}
	EndProjectSection
EndProject
Global
	GlobalSection(SolutionConfigurationPlatforms) = preSolution
		Debug|Win32 = Debug|Win32
		Release|Win32 = Release|Win32
	EndGlobalSection
	GlobalSection(ProjectConfigurationPlatforms) = postSolution
		{3E5E3F07-53F0-4267-8804-E6DD25CCB490}.Debug|Win32.ActiveCfg = Debug|Win32
		{3E5E3F07-53F0-4267-8804-E6DD25CCB490}.Debug|Win32.Build.0 = Debug|Win32
		{3E5E3F07-53F0-4267-8804-E6DD25CCB490}.Release|Win32.ActiveCfg = Release|Win32
		{3E5E3F07-53F0-4267-8804-E6DD25CCB490}.Release|Win32.Build.0 = Release|Win32
		{9144FC34-B467-4EDC-8940-D9FF6A000BA0}.Debug|Win32.ActiveCfg = Debug|Win32
		{9144FC34-B467-4EDC-8940-D9FF6A000BA0}.Debug|Win32.Build.0 = Debug|Win32
		{9144FC34-B467-4EDC-8940-D9FF6A000BA0}.Release|Win32.ActiveCfg = Release|Win32
		{9144FC34-B467-4EDC-8940-D9FF6A000BA0}.Release|Win32.Build.0 = Release|Win32
		{95495B0D-D2F6-42D8-9065-4F8EC0BC22E4}.Debug|Win32.ActiveCfg = Debug|Win32
		{95495B0D-D2F6-42D8-9065-4F8EC0BC22E4}.Debug|Win32.Build.0 = Debug|Win32
		{95495B0D-D2F6-42D8-9065-4F8EC0BC22E4}.Release|Win32.ActiveCfg = Release|Win32
		{95495B0D-D2F6-42D8-9065-4F8EC0BC22E4}.Release|Win32.Build.0 = Release|Win32
		{2590F841-8918-4977-9B3F-CAC87CC7CD02}.Debug|Win32.ActiveCfg = Debug|Win32
		{2590F841-8918-4977-9B3F-CAC87CC7CD02}.Debug|Win32.Build.0 = Debug|Win32
		{2590F841-8918-4977-9B3F-CAC87CC7CD02}.Release|Win32.ActiveCfg = Release|Win32
		{2590F841-8918-4977-9B3F-CAC87CC7CD02}.Release|Win32.Build.0 = Release|Win32
		{18DEDCE2-C508-4B0A-91A8-52045F3DAAD7}.Debug|Win32.ActiveCfg = Debug|Win32
		{18DEDCE2-C508-4B0A-91A8-52045F3DAAD7}.Debug|Win32.Build.0 = Debug|Win32
		{18DEDCE2-C508-4B0A-91A8-52045F3DAAD7}.Release|Win32.ActiveCfg = Release|Win32
		{18DEDCE2-C508-4B0A-91A8-52045F3DAAD7}.Release|Win32.Build.0 = Release|Win32
		{F401EE8B-1A37-4888-9646-D3C4A2D959C4}.Debug|Win32.ActiveCfg = Debug|Win32
		{F401EE8B-1A37-4888-9646-D3C4A2D959C4}.Debug|Win32.Build.0 = Debug|Win32
		{F401EE8B-1A37-4888-9646-D3C4A2D959C4}.Release|Win32.ActiveCfg = Release|Win32
		{F401EE8B-1A37-4888-9646-D3C4A2D959C4}.Release|Win32.Build.0 = Release|Win32
		{BF523902-DC84-461E-820C-A5AE8B71EA63}.Debug|Win32.ActiveCfg = Debug|Win32
		{BF523902-DC84-461E-820C-A5AE8B71EA63}.Debug|Win32.Build.0 = Debug|Win32
		{BF523902-DC84-461E-820C-A5AE8B71EA63}.Release|Win32.ActiveCfg = Release|Win32
		{BF523902-DC84-461E-820C-A5AE8B71EA63}.Release|Win32.Build.0 = Release|Win32
	EndGlobalSection
	GlobalSection(SolutionProperties) = preSolution
		HideSolutionNode = FALSE
	EndGlobalSection
EndGlobal
